
Microsoft Visual Studio Solution File, Format Version 12.00
# Visual Studio Version 16
VisualStudioVersion = 16.0.30114.105
MinimumVisualStudioVersion = 10.0.40219.1
Project("{9A19103F-16F7-4668-BE54-9A1E7A4F7556}") = "az-auth-demo", "az-auth-demo.csproj", "{FA3F949D-0FCF-4049-A214-2C61D6D1064A}"
EndProject
Global
	GlobalSection(SolutionConfigurationPlatforms) = preSolution
		Debug|Any CPU = Debug|Any CPU
		Release|Any CPU = Release|Any CPU
	EndGlobalSection
	GlobalSection(ProjectConfigurationPlatforms) = postSolution
		{FA3F949D-0FCF-4049-A214-2C61D6D1064A}.Debug|Any CPU.ActiveCfg = Debug|Any CPU
		{FA3F949D-0FCF-4049-A214-2C61D6D1064A}.Debug|Any CPU.Build.0 = Debug|Any CPU
		{FA3F949D-0FCF-4049-A214-2C61D6D1064A}.Release|Any CPU.ActiveCfg = Release|Any CPU
		{FA3F949D-0FCF-4049-A214-2C61D6D1064A}.Release|Any CPU.Build.0 = Release|Any CPU
	EndGlobalSection
	GlobalSection(SolutionProperties) = preSolution
		HideSolutionNode = FALSE
	EndGlobalSection
	GlobalSection(ExtensibilityGlobals) = postSolution
		SolutionGuid = {6BF607BC-D271-4B75-A72B-80DB85F21998}
	EndGlobalSection
EndGlobal
